// !$*UTF8*$!
{
	archiveVersion = 1;
	classes = {
	};
	objectVersion = 50;
	objects = {

/* Begin PBXBuildFile section */
		8B21439F21EA83A8007806EA /* sarth.aiff in Resources */ = {isa = PBXBuildFile; fileRef = 8B21439E21EA83A8007806EA /* sarth.aiff */; };
		8B2143A121EABE4A007806EA /* HomeViewController.swift in Sources */ = {isa = PBXBuildFile; fileRef = 8B2143A021EABE4A007806EA /* HomeViewController.swift */; };
		8BFEA3CE21E91A1B00EDE401 /* AppDelegate.swift in Sources */ = {isa = PBXBuildFile; fileRef = 8BFEA3CD21E91A1B00EDE401 /* AppDelegate.swift */; };
		8BFEA3D021E91A1B00EDE401 /* art.scnassets in Resources */ = {isa = PBXBuildFile; fileRef = 8BFEA3CF21E91A1B00EDE401 /* art.scnassets */; };
		8BFEA3D221E91A1B00EDE401 /* ViewController.swift in Sources */ = {isa = PBXBuildFile; fileRef = 8BFEA3D121E91A1B00EDE401 /* ViewController.swift */; };
		8BFEA3D521E91A1B00EDE401 /* Main.storyboard in Resources */ = {isa = PBXBuildFile; fileRef = 8BFEA3D321E91A1B00EDE401 /* Main.storyboard */; };
		8BFEA3D721E91A2000EDE401 /* Assets.xcassets in Resources */ = {isa = PBXBuildFile; fileRef = 8BFEA3D621E91A2000EDE401 /* Assets.xcassets */; };
		8BFEA3DA21E91A2000EDE401 /* LaunchScreen.storyboard in Resources */ = {isa = PBXBuildFile; fileRef = 8BFEA3D821E91A2000EDE401 /* LaunchScreen.storyboard */; };
		8BFEA3E521E9257300EDE401 /* explosion.mp3 in Resources */ = {isa = PBXBuildFile; fileRef = 8BFEA3E221E9257300EDE401 /* explosion.mp3 */; };
		8BFEA3E621E9257300EDE401 /* mossbergShotgun.wav in Resources */ = {isa = PBXBuildFile; fileRef = 8BFEA3E321E9257300EDE401 /* mossbergShotgun.wav */; };
		8BFEA3ED21E925A100EDE401 /* smoke.scnp in Resources */ = {isa = PBXBuildFile; fileRef = 8BFEA3E921E925A100EDE401 /* smoke.scnp */; };
		8BFEA3EE21E925A100EDE401 /* spark.png in Resources */ = {isa = PBXBuildFile; fileRef = 8BFEA3EA21E925A100EDE401 /* spark.png */; };
		8BFEA3EF21E925A100EDE401 /* smoke.png in Resources */ = {isa = PBXBuildFile; fileRef = 8BFEA3EB21E925A100EDE401 /* smoke.png */; };
		8BFEA3F021E925A100EDE401 /* fire.scnp in Resources */ = {isa = PBXBuildFile; fileRef = 8BFEA3EC21E925A100EDE401 /* fire.scnp */; };
/* End PBXBuildFile section */

/* Begin PBXFileReference section */
		8B21439E21EA83A8007806EA /* sarth.aiff */ = {isa = PBXFileReference; lastKnownFileType = audio.aiff; path = sarth.aiff; sourceTree = "<group>"; };
		8B2143A021EABE4A007806EA /* HomeViewController.swift */ = {isa = PBXFileReference; fileEncoding = 4; lastKnownFileType = sourcecode.swift; path = HomeViewController.swift; sourceTree = "<group>"; };
		8BFEA3CA21E91A1B00EDE401 /* BicoptAR.app */ = {isa = PBXFileReference; explicitFileType = wrapper.application; includeInIndex = 0; path = BicoptAR.app; sourceTree = BUILT_PRODUCTS_DIR; };
		8BFEA3CD21E91A1B00EDE401 /* AppDelegate.swift */ = {isa = PBXFileReference; lastKnownFileType = sourcecode.swift; path = AppDelegate.swift; sourceTree = "<group>"; };
		8BFEA3CF21E91A1B00EDE401 /* art.scnassets */ = {isa = PBXFileReference; lastKnownFileType = wrapper.scnassets; path = art.scnassets; sourceTree = "<group>"; };
		8BFEA3D121E91A1B00EDE401 /* ViewController.swift */ = {isa = PBXFileReference; lastKnownFileType = sourcecode.swift; path = ViewController.swift; sourceTree = "<group>"; };
		8BFEA3D421E91A1B00EDE401 /* Base */ = {isa = PBXFileReference; lastKnownFileType = file.storyboard; name = Base; path = Base.lproj/Main.storyboard; sourceTree = "<group>"; };
		8BFEA3D621E91A2000EDE401 /* Assets.xcassets */ = {isa = PBXFileReference; lastKnownFileType = folder.assetcatalog; path = Assets.xcassets; sourceTree = "<group>"; };
		8BFEA3D921E91A2000EDE401 /* Base */ = {isa = PBXFileReference; lastKnownFileType = file.storyboard; name = Base; path = Base.lproj/LaunchScreen.storyboard; sourceTree = "<group>"; };
		8BFEA3DB21E91A2000EDE401 /* Info.plist */ = {isa = PBXFileReference; lastKnownFileType = text.plist.xml; path = Info.plist; sourceTree = "<group>"; };
		8BFEA3E221E9257300EDE401 /* explosion.mp3 */ = {isa = PBXFileReference; lastKnownFileType = audio.mp3; path = explosion.mp3; sourceTree = "<group>"; };
		8BFEA3E321E9257300EDE401 /* mossbergShotgun.wav */ = {isa = PBXFileReference; lastKnownFileType = audio.wav; path = mossbergShotgun.wav; sourceTree = "<group>"; };
		8BFEA3E921E925A100EDE401 /* smoke.scnp */ = {isa = PBXFileReference; lastKnownFileType = file.scp; path = smoke.scnp; sourceTree = "<group>"; };
		8BFEA3EA21E925A100EDE401 /* spark.png */ = {isa = PBXFileReference; lastKnownFileType = image.png; path = spark.png; sourceTree = "<group>"; };
		8BFEA3EB21E925A100EDE401 /* smoke.png */ = {isa = PBXFileReference; lastKnownFileType = image.png; path = smoke.png; sourceTree = "<group>"; };
		8BFEA3EC21E925A100EDE401 /* fire.scnp */ = {isa = PBXFileReference; lastKnownFileType = file.scp; path = fire.scnp; sourceTree = "<group>"; };
/* End PBXFileReference section */

/* Begin PBXFrameworksBuildPhase section */
		8BFEA3C721E91A1B00EDE401 /* Frameworks */ = {
			isa = PBXFrameworksBuildPhase;
			buildActionMask = 2147483647;
			files = (
			);
			runOnlyForDeploymentPostprocessing = 0;
		};
/* End PBXFrameworksBuildPhase section */

/* Begin PBXGroup section */
		8BFEA3C121E91A1B00EDE401 = {
			isa = PBXGroup;
			children = (
				8BFEA3CC21E91A1B00EDE401 /* BicoptAR */,
				8BFEA3CB21E91A1B00EDE401 /* Products */,
			);
			sourceTree = "<group>";
		};
		8BFEA3CB21E91A1B00EDE401 /* Products */ = {
			isa = PBXGroup;
			children = (
				8BFEA3CA21E91A1B00EDE401 /* BicoptAR.app */,
			);
			name = Products;
			sourceTree = "<group>";
		};
		8BFEA3CC21E91A1B00EDE401 /* BicoptAR */ = {
			isa = PBXGroup;
			children = (
				8BFEA3E821E925A100EDE401 /* Particles */,
				8BFEA3E121E9257300EDE401 /* Sounds */,
				8BFEA3CD21E91A1B00EDE401 /* AppDelegate.swift */,
				8BFEA3CF21E91A1B00EDE401 /* art.scnassets */,
				8BFEA3D121E91A1B00EDE401 /* ViewController.swift */,
				8B2143A021EABE4A007806EA /* HomeViewController.swift */,
				8BFEA3D321E91A1B00EDE401 /* Main.storyboard */,
				8BFEA3D621E91A2000EDE401 /* Assets.xcassets */,
				8BFEA3D821E91A2000EDE401 /* LaunchScreen.storyboard */,
				8BFEA3DB21E91A2000EDE401 /* Info.plist */,
			);
			path = BicoptAR;
			sourceTree = "<group>";
		};
		8BFEA3E121E9257300EDE401 /* Sounds */ = {
			isa = PBXGroup;
			children = (
				8B21439E21EA83A8007806EA /* sarth.aiff */,
				8BFEA3E221E9257300EDE401 /* explosion.mp3 */,
				8BFEA3E321E9257300EDE401 /* mossbergShotgun.wav */,
			);
			path = Sounds;
			sourceTree = "<group>";
		};
		8BFEA3E821E925A100EDE401 /* Particles */ = {
			isa = PBXGroup;
			children = (
				8BFEA3E921E925A100EDE401 /* smoke.scnp */,
				8BFEA3EA21E925A100EDE401 /* spark.png */,
				8BFEA3EB21E925A100EDE401 /* smoke.png */,
				8BFEA3EC21E925A100EDE401 /* fire.scnp */,
			);
			path = Particles;
			sourceTree = "<group>";
		};
/* End PBXGroup section */

/* Begin PBXNativeTarget section */
		8BFEA3C921E91A1B00EDE401 /* BicoptAR */ = {
			isa = PBXNativeTarget;
			buildConfigurationList = 8BFEA3DE21E91A2000EDE401 /* Build configuration list for PBXNativeTarget "BicoptAR" */;
			buildPhases = (
				8BFEA3C621E91A1B00EDE401 /* Sources */,
				8BFEA3C721E91A1B00EDE401 /* Frameworks */,
				8BFEA3C821E91A1B00EDE401 /* Resources */,
			);
			buildRules = (
			);
			dependencies = (
			);
			name = BicoptAR;
			productName = BicoptAR;
			productReference = 8BFEA3CA21E91A1B00EDE401 /* BicoptAR.app */;
			productType = "com.apple.product-type.application";
		};
/* End PBXNativeTarget section */

/* Begin PBXProject section */
		8BFEA3C221E91A1B00EDE401 /* Project object */ = {
			isa = PBXProject;
			attributes = {
				LastSwiftUpdateCheck = 1010;
				LastUpgradeCheck = 1010;
				ORGANIZATIONNAME = "Kevin M. Thomas";
				TargetAttributes = {
					8BFEA3C921E91A1B00EDE401 = {
						CreatedOnToolsVersion = 10.1;
					};
				};
			};
			buildConfigurationList = 8BFEA3C521E91A1B00EDE401 /* Build configuration list for PBXProject "BicoptAR" */;
			compatibilityVersion = "Xcode 9.3";
			developmentRegion = en;
			hasScannedForEncodings = 0;
			knownRegions = (
				en,
				Base,
			);
			mainGroup = 8BFEA3C121E91A1B00EDE401;
			productRefGroup = 8BFEA3CB21E91A1B00EDE401 /* Products */;
			projectDirPath = "";
			projectRoot = "";
			targets = (
				8BFEA3C921E91A1B00EDE401 /* BicoptAR */,
			);
		};
/* End PBXProject section */

/* Begin PBXResourcesBuildPhase section */
		8BFEA3C821E91A1B00EDE401 /* Resources */ = {
			isa = PBXResourcesBuildPhase;
			buildActionMask = 2147483647;
			files = (
				8BFEA3D021E91A1B00EDE401 /* art.scnassets in Resources */,
				8BFEA3EE21E925A100EDE401 /* spark.png in Resources */,
				8BFEA3E621E9257300EDE401 /* mossbergShotgun.wav in Resources */,
				8BFEA3ED21E925A100EDE401 /* smoke.scnp in Resources */,
				8BFEA3DA21E91A2000EDE401 /* LaunchScreen.storyboard in Resources */,
				8BFEA3D721E91A2000EDE401 /* Assets.xcassets in Resources */,
				8BFEA3F021E925A100EDE401 /* fire.scnp in Resources */,
				8B21439F21EA83A8007806EA /* sarth.aiff in Resources */,
				8BFEA3EF21E925A100EDE401 /* smoke.png in Resources */,
				8BFEA3D521E91A1B00EDE401 /* Main.storyboard in Resources */,
				8BFEA3E521E9257300EDE401 /* explosion.mp3 in Resources */,
			);
			runOnlyForDeploymentPostprocessing = 0;
		};
/* End PBXResourcesBuildPhase section */

/* Begin PBXSourcesBuildPhase section */
		8BFEA3C621E91A1B00EDE401 /* Sources */ = {
			isa = PBXSourcesBuildPhase;
			buildActionMask = 2147483647;
			files = (
				8BFEA3D221E91A1B00EDE401 /* ViewController.swift in Sources */,
				8BFEA3CE21E91A1B00EDE401 /* AppDelegate.swift in Sources */,
				8B2143A121EABE4A007806EA /* HomeViewController.swift in Sources */,
			);
			runOnlyForDeploymentPostprocessing = 0;
		};
/* End PBXSourcesBuildPhase section */

/* Begin PBXVariantGroup section */
		8BFEA3D321E91A1B00EDE401 /* Main.storyboard */ = {
			isa = PBXVariantGroup;
			children = (
				8BFEA3D421E91A1B00EDE401 /* Base */,
			);
			name = Main.storyboard;
			sourceTree = "<group>";
		};
		8BFEA3D821E91A2000EDE401 /* LaunchScreen.storyboard */ = {
			isa = PBXVariantGroup;
			children = (
				8BFEA3D921E91A2000EDE401 /* Base */,
			);
			name = LaunchScreen.storyboard;
			sourceTree = "<group>";
		};
/* End PBXVariantGroup section */

/* Begin XCBuildConfiguration section */
		8BFEA3DC21E91A2000EDE401 /* Debug */ = {
			isa = XCBuildConfiguration;
			buildSettings = {
				ALWAYS_SEARCH_USER_PATHS = NO;
				CLANG_ANALYZER_NONNULL = YES;
				CLANG_ANALYZER_NUMBER_OBJECT_CONVERSION = YES_AGGRESSIVE;
				CLANG_CXX_LANGUAGE_STANDARD = "gnu++14";
				CLANG_CXX_LIBRARY = "libc++";
				CLANG_ENABLE_MODULES = YES;
				CLANG_ENABLE_OBJC_ARC = YES;
				CLANG_ENABLE_OBJC_WEAK = YES;
				CLANG_WARN_BLOCK_CAPTURE_AUTORELEASING = YES;
				CLANG_WARN_BOOL_CONVERSION = YES;
				CLANG_WARN_COMMA = YES;
				CLANG_WARN_CONSTANT_CONVERSION = YES;
				CLANG_WARN_DEPRECATED_OBJC_IMPLEMENTATIONS = YES;
				CLANG_WARN_DIRECT_OBJC_ISA_USAGE = YES_ERROR;
				CLANG_WARN_DOCUMENTATION_COMMENTS = YES;
				CLANG_WARN_EMPTY_BODY = YES;
				CLANG_WARN_ENUM_CONVERSION = YES;
				CLANG_WARN_INFINITE_RECURSION = YES;
				CLANG_WARN_INT_CONVERSION = YES;
				CLANG_WARN_NON_LITERAL_NULL_CONVERSION = YES;
				CLANG_WARN_OBJC_IMPLICIT_RETAIN_SELF = YES;
				CLANG_WARN_OBJC_LITERAL_CONVERSION = YES;
				CLANG_WARN_OBJC_ROOT_CLASS = YES_ERROR;
				CLANG_WARN_RANGE_LOOP_ANALYSIS = YES;
				CLANG_WARN_STRICT_PROTOTYPES = YES;
				CLANG_WARN_SUSPICIOUS_MOVE = YES;
				CLANG_WARN_UNGUARDED_AVAILABILITY = YES_AGGRESSIVE;
				CLANG_WARN_UNREACHABLE_CODE = YES;
				CLANG_WARN__DUPLICATE_METHOD_MATCH = YES;
				CODE_SIGN_IDENTITY = "iPhone Developer";
				COPY_PHASE_STRIP = NO;
				DEBUG_INFORMATION_FORMAT = dwarf;
				ENABLE_STRICT_OBJC_MSGSEND = YES;
				ENABLE_TESTABILITY = YES;
				GCC_C_LANGUAGE_STANDARD = gnu11;
				GCC_DYNAMIC_NO_PIC = NO;
				GCC_NO_COMMON_BLOCKS = YES;
				GCC_OPTIMIZATION_LEVEL = 0;
				GCC_PREPROCESSOR_DEFINITIONS = (
					"DEBUG=1",
					"$(inherited)",
				);
				GCC_WARN_64_TO_32_BIT_CONVERSION = YES;
				GCC_WARN_ABOUT_RETURN_TYPE = YES_ERROR;
				GCC_WARN_UNDECLARED_SELECTOR = YES;
				GCC_WARN_UNINITIALIZED_AUTOS = YES_AGGRESSIVE;
				GCC_WARN_UNUSED_FUNCTION = YES;
				GCC_WARN_UNUSED_VARIABLE = YES;
				IPHONEOS_DEPLOYMENT_TARGET = 12.1;
				MTL_ENABLE_DEBUG_INFO = INCLUDE_SOURCE;
				MTL_FAST_MATH = YES;
				ONLY_ACTIVE_ARCH = YES;
				SDKROOT = iphoneos;
				SWIFT_ACTIVE_COMPILATION_CONDITIONS = DEBUG;
				SWIFT_OPTIMIZATION_LEVEL = "-Onone";
			};
			name = Debug;
		};
		8BFEA3DD21E91A2000EDE401 /* Release */ = {
			isa = XCBuildConfiguration;
			buildSettings = {
				ALWAYS_SEARCH_USER_PATHS = NO;
				CLANG_ANALYZER_NONNULL = YES;
				CLANG_ANALYZER_NUMBER_OBJECT_CONVERSION = YES_AGGRESSIVE;
				CLANG_CXX_LANGUAGE_STANDARD = "gnu++14";
				CLANG_CXX_LIBRARY = "libc++";
				CLANG_ENABLE_MODULES = YES;
				CLANG_ENABLE_OBJC_ARC = YES;
				CLANG_ENABLE_OBJC_WEAK = YES;
				CLANG_WARN_BLOCK_CAPTURE_AUTORELEASING = YES;
				CLANG_WARN_BOOL_CONVERSION = YES;
				CLANG_WARN_COMMA = YES;
				CLANG_WARN_CONSTANT_CONVERSION = YES;
				CLANG_WARN_DEPRECATED_OBJC_IMPLEMENTATIONS = YES;
				CLANG_WARN_DIRECT_OBJC_ISA_USAGE = YES_ERROR;
				CLANG_WARN_DOCUMENTATION_COMMENTS = YES;
				CLANG_WARN_EMPTY_BODY = YES;
				CLANG_WARN_ENUM_CONVERSION = YES;
				CLANG_WARN_INFINITE_RECURSION = YES;
				CLANG_WARN_INT_CONVERSION = YES;
				CLANG_WARN_NON_LITERAL_NULL_CONVERSION = YES;
				CLANG_WARN_OBJC_IMPLICIT_RETAIN_SELF = YES;
				CLANG_WARN_OBJC_LITERAL_CONVERSION = YES;
				CLANG_WARN_OBJC_ROOT_CLASS = YES_ERROR;
				CLANG_WARN_RANGE_LOOP_ANALYSIS = YES;
				CLANG_WARN_STRICT_PROTOTYPES = YES;
				CLANG_WARN_SUSPICIOUS_MOVE = YES;
				CLANG_WARN_UNGUARDED_AVAILABILITY = YES_AGGRESSIVE;
				CLANG_WARN_UNREACHABLE_CODE = YES;
				CLANG_WARN__DUPLICATE_METHOD_MATCH = YES;
				CODE_SIGN_IDENTITY = "iPhone Developer";
				COPY_PHASE_STRIP = NO;
				DEBUG_INFORMATION_FORMAT = "dwarf-with-dsym";
				ENABLE_NS_ASSERTIONS = NO;
				ENABLE_STRICT_OBJC_MSGSEND = YES;
				GCC_C_LANGUAGE_STANDARD = gnu11;
				GCC_NO_COMMON_BLOCKS = YES;
				GCC_WARN_64_TO_32_BIT_CONVERSION = YES;
				GCC_WARN_ABOUT_RETURN_TYPE = YES_ERROR;
				GCC_WARN_UNDECLARED_SELECTOR = YES;
				GCC_WARN_UNINITIALIZED_AUTOS = YES_AGGRESSIVE;
				GCC_WARN_UNUSED_FUNCTION = YES;
				GCC_WARN_UNUSED_VARIABLE = YES;
				IPHONEOS_DEPLOYMENT_TARGET = 12.1;
				MTL_ENABLE_DEBUG_INFO = NO;
				MTL_FAST_MATH = YES;
				SDKROOT = iphoneos;
				SWIFT_COMPILATION_MODE = wholemodule;
				SWIFT_OPTIMIZATION_LEVEL = "-O";
				VALIDATE_PRODUCT = YES;
			};
			name = Release;
		};
		8BFEA3DF21E91A2000EDE401 /* Debug */ = {
			isa = XCBuildConfiguration;
			buildSettings = {
				ASSETCATALOG_COMPILER_APPICON_NAME = AppIcon;
				CODE_SIGN_STYLE = Automatic;
				DEVELOPMENT_TEAM = 2927N62767;
				INFOPLIST_FILE = BicoptAR/Info.plist;
				LD_RUNPATH_SEARCH_PATHS = (
					"$(inherited)",
					"@executable_path/Frameworks",
				);
				PRODUCT_BUNDLE_IDENTIFIER = com.mytechnotalent.BicoptAR;
				PRODUCT_NAME = "$(TARGET_NAME)";
				SWIFT_VERSION = 4.2;
				TARGETED_DEVICE_FAMILY = "1,2";
			};
			name = Debug;
		};
		8BFEA3E021E91A2000EDE401 /* Release */ = {
			isa = XCBuildConfiguration;
			buildSettings = {
				ASSETCATALOG_COMPILER_APPICON_NAME = AppIcon;
				CODE_SIGN_STYLE = Automatic;
				DEVELOPMENT_TEAM = 2927N62767;
				INFOPLIST_FILE = BicoptAR/Info.plist;
				LD_RUNPATH_SEARCH_PATHS = (
					"$(inherited)",
					"@executable_path/Frameworks",
				);
				PRODUCT_BUNDLE_IDENTIFIER = com.mytechnotalent.BicoptAR;
				PRODUCT_NAME = "$(TARGET_NAME)";
				SWIFT_VERSION = 4.2;
				TARGETED_DEVICE_FAMILY = "1,2";
			};
			name = Release;
		};
/* End XCBuildConfiguration section */

/* Begin XCConfigurationList section */
		8BFEA3C521E91A1B00EDE401 /* Build configuration list for PBXProject "BicoptAR" */ = {
			isa = XCConfigurationList;
			buildConfigurations = (
				8BFEA3DC21E91A2000EDE401 /* Debug */,
				8BFEA3DD21E91A2000EDE401 /* Release */,
			);
			defaultConfigurationIsVisible = 0;
			defaultConfigurationName = Release;
		};
		8BFEA3DE21E91A2000EDE401 /* Build configuration list for PBXNativeTarget "BicoptAR" */ = {
			isa = XCConfigurationList;
			buildConfigurations = (
				8BFEA3DF21E91A2000EDE401 /* Debug */,
				8BFEA3E021E91A2000EDE401 /* Release */,
			);
			defaultConfigurationIsVisible = 0;
			defaultConfigurationName = Release;
		};
/* End XCConfigurationList section */
	};
	rootObject = 8BFEA3C221E91A1B00EDE401 /* Project object */;
}
